
Microsoft Visual Studio Solution File, Format Version 11.00
# Visual Studio 2010
Project("{FAE04EC0-301F-11D3-BF4B-00C04F79EFBC}") = "FarmPlanner", "FarmPlanner\FarmPlanner.csproj", "{B0C6D3C5-594C-46AB-94A6-53C0DB9F7802}"
EndProject
Project("{FAE04EC0-301F-11D3-BF4B-00C04F79EFBC}") = "Farm.CommonClass", "Farm.CommonClass\Farm.CommonClass.csproj", "{2EE49050-EB2A-4C86-AFFD-350830A48397}"
EndProject
Project("{FAE04EC0-301F-11D3-BF4B-00C04F79EFBC}") = "Farm.DataLayer", "Farm.DataLayer\Farm.DataLayer.csproj", "{27B26F80-600D-4943-8DD5-668502A125EC}"
EndProject
Project("{FAE04EC0-301F-11D3-BF4B-00C04F79EFBC}") = "Farm.BusinessLayer", "Farm.BusinessLayer\Farm.BusinessLayer.csproj", "{9F6CF52A-329C-4E49-BCE7-32A659C59D30}"
EndProject
Global
	GlobalSection(SolutionConfigurationPlatforms) = preSolution
		Debug|Any CPU = Debug|Any CPU
		Debug|Mixed Platforms = Debug|Mixed Platforms
		Debug|x86 = Debug|x86
		Release|Any CPU = Release|Any CPU
		Release|Mixed Platforms = Release|Mixed Platforms
		Release|x86 = Release|x86
	EndGlobalSection
	GlobalSection(ProjectConfigurationPlatforms) = postSolution
		{B0C6D3C5-594C-46AB-94A6-53C0DB9F7802}.Debug|Any CPU.ActiveCfg = Debug|x86
		{B0C6D3C5-594C-46AB-94A6-53C0DB9F7802}.Debug|Mixed Platforms.ActiveCfg = Debug|x86
		{B0C6D3C5-594C-46AB-94A6-53C0DB9F7802}.Debug|Mixed Platforms.Build.0 = Debug|x86
		{B0C6D3C5-594C-46AB-94A6-53C0DB9F7802}.Debug|x86.ActiveCfg = Debug|x86
		{B0C6D3C5-594C-46AB-94A6-53C0DB9F7802}.Debug|x86.Build.0 = Debug|x86
		{B0C6D3C5-594C-46AB-94A6-53C0DB9F7802}.Release|Any CPU.ActiveCfg = Release|x86
		{B0C6D3C5-594C-46AB-94A6-53C0DB9F7802}.Release|Mixed Platforms.ActiveCfg = Release|x86
		{B0C6D3C5-594C-46AB-94A6-53C0DB9F7802}.Release|Mixed Platforms.Build.0 = Release|x86
		{B0C6D3C5-594C-46AB-94A6-53C0DB9F7802}.Release|x86.ActiveCfg = Release|x86
		{B0C6D3C5-594C-46AB-94A6-53C0DB9F7802}.Release|x86.Build.0 = Release|x86
		{2EE49050-EB2A-4C86-AFFD-350830A48397}.Debug|Any CPU.ActiveCfg = Debug|Any CPU
		{2EE49050-EB2A-4C86-AFFD-350830A48397}.Debug|Any CPU.Build.0 = Debug|Any CPU
		{2EE49050-EB2A-4C86-AFFD-350830A48397}.Debug|Mixed Platforms.ActiveCfg = Debug|Any CPU
		{2EE49050-EB2A-4C86-AFFD-350830A48397}.Debug|Mixed Platforms.Build.0 = Debug|Any CPU
		{2EE49050-EB2A-4C86-AFFD-350830A48397}.Debug|x86.ActiveCfg = Debug|Any CPU
		{2EE49050-EB2A-4C86-AFFD-350830A48397}.Release|Any CPU.ActiveCfg = Release|Any CPU
		{2EE49050-EB2A-4C86-AFFD-350830A48397}.Release|Any CPU.Build.0 = Release|Any CPU
		{2EE49050-EB2A-4C86-AFFD-350830A48397}.Release|Mixed Platforms.ActiveCfg = Release|Any CPU
		{2EE49050-EB2A-4C86-AFFD-350830A48397}.Release|Mixed Platforms.Build.0 = Release|Any CPU
		{2EE49050-EB2A-4C86-AFFD-350830A48397}.Release|x86.ActiveCfg = Release|Any CPU
		{27B26F80-600D-4943-8DD5-668502A125EC}.Debug|Any CPU.ActiveCfg = Debug|Any CPU
		{27B26F80-600D-4943-8DD5-668502A125EC}.Debug|Any CPU.Build.0 = Debug|Any CPU
		{27B26F80-600D-4943-8DD5-668502A125EC}.Debug|Mixed Platforms.ActiveCfg = Debug|Any CPU
		{27B26F80-600D-4943-8DD5-668502A125EC}.Debug|Mixed Platforms.Build.0 = Debug|Any CPU
		{27B26F80-600D-4943-8DD5-668502A125EC}.Debug|x86.ActiveCfg = Debug|Any CPU
		{27B26F80-600D-4943-8DD5-668502A125EC}.Release|Any CPU.ActiveCfg = Release|Any CPU
		{27B26F80-600D-4943-8DD5-668502A125EC}.Release|Any CPU.Build.0 = Release|Any CPU
		{27B26F80-600D-4943-8DD5-668502A125EC}.Release|Mixed Platforms.ActiveCfg = Release|Any CPU
		{27B26F80-600D-4943-8DD5-668502A125EC}.Release|Mixed Platforms.Build.0 = Release|Any CPU
		{27B26F80-600D-4943-8DD5-668502A125EC}.Release|x86.ActiveCfg = Release|Any CPU
		{9F6CF52A-329C-4E49-BCE7-32A659C59D30}.Debug|Any CPU.ActiveCfg = Debug|Any CPU
		{9F6CF52A-329C-4E49-BCE7-32A659C59D30}.Debug|Any CPU.Build.0 = Debug|Any CPU
		{9F6CF52A-329C-4E49-BCE7-32A659C59D30}.Debug|Mixed Platforms.ActiveCfg = Debug|Any CPU
		{9F6CF52A-329C-4E49-BCE7-32A659C59D30}.Debug|Mixed Platforms.Build.0 = Debug|Any CPU
		{9F6CF52A-329C-4E49-BCE7-32A659C59D30}.Debug|x86.ActiveCfg = Debug|Any CPU
		{9F6CF52A-329C-4E49-BCE7-32A659C59D30}.Release|Any CPU.ActiveCfg = Release|Any CPU
		{9F6CF52A-329C-4E49-BCE7-32A659C59D30}.Release|Any CPU.Build.0 = Release|Any CPU
		{9F6CF52A-329C-4E49-BCE7-32A659C59D30}.Release|Mixed Platforms.ActiveCfg = Release|Any CPU
		{9F6CF52A-329C-4E49-BCE7-32A659C59D30}.Release|Mixed Platforms.Build.0 = Release|Any CPU
		{9F6CF52A-329C-4E49-BCE7-32A659C59D30}.Release|x86.ActiveCfg = Release|Any CPU
	EndGlobalSection
	GlobalSection(SolutionProperties) = preSolution
		HideSolutionNode = FALSE
	EndGlobalSection
EndGlobal
